# Generated by pub
# See https://dart.dev/tools/pub/glossary#lockfile
packages:
  bitsdojo_window:
    dependency: transitive
    description:
      name: bitsdojo_window
      sha256: "1118bc1cd16e6f358431ca4473af57cc1b287d2ceab46dfab6d59a9463160622"
      url: "https://pub.dev"
    source: hosted
    version: "0.1.5"
  bitsdojo_window_linux:
    dependency: transitive
    description:
      name: bitsdojo_window_linux
      sha256: d3804a30315fcbb43b28acc86d1180ce0be22c0c738ad2da9e5ade4d8dbd9655
      url: "https://pub.dev"
    source: hosted
    version: "0.1.3"
  bitsdojo_window_macos:
    dependency: transitive
    description:
      name: bitsdojo_window_macos
      sha256: d2a9886c74516c5b84c1dd65ab8ee5d1c52055b265ebf0e7d664dee28366b521
      url: "https://pub.dev"
    source: hosted
    version: "0.1.3"
  bitsdojo_window_platform_interface:
    dependency: transitive
    description:
      name: bitsdojo_window_platform_interface
      sha256: "65daa015a0c6dba749bdd35a0f092e7a8ba8b0766aa0480eb3ef808086f6e27c"
      url: "https://pub.dev"
    source: hosted
    version: "0.1.2"
  bitsdojo_window_windows:
    dependency: transitive
    description:
      name: bitsdojo_window_windows
      sha256: "8766a40aac84a6d7bdcaa716b24997e028fc9a9a1800495fc031721fd5a22ed0"
      url: "https://pub.dev"
    source: hosted
    version: "0.1.5"
  characters:
    dependency: transitive
    description:
      name: characters
      sha256: "04a925763edad70e8443c99234dc3328f442e811f1d8fd1a72f1c8ad0f69a605"
      url: "https://pub.dev"
    source: hosted
    version: "1.3.0"
  clock:
    dependency: transitive
    description:
      name: clock
      sha256: cb6d7f03e1de671e34607e909a7213e31d7752be4fb66a86d29fe1eb14bfb5cf
      url: "https://pub.dev"
    source: hosted
    version: "1.1.1"
  collection:
    dependency: transitive
    description:
      name: collection
      sha256: "4a07be6cb69c84d677a6c3096fcf960cc3285a8330b4603e0d463d15d9bd934c"
      url: "https://pub.dev"
    source: hosted
    version: "1.17.1"
  crypto:
    dependency: transitive
    description:
      name: crypto
      sha256: aa274aa7774f8964e4f4f38cc994db7b6158dd36e9187aaceaddc994b35c6c67
      url: "https://pub.dev"
    source: hosted
    version: "3.0.2"
  cryptography:
    dependency: transitive
    description:
      name: cryptography
      sha256: df156c5109286340817d21fa7b62f9140f17915077127dd70f8bd7a2a0997a35
      url: "https://pub.dev"
    source: hosted
    version: "2.5.0"
  ffi:
    dependency: transitive
    description:
      name: ffi
      sha256: ed5337a5660c506388a9f012be0288fb38b49020ce2b45fe1f8b8323fe429f99
      url: "https://pub.dev"
    source: hosted
    version: "2.0.2"
  file:
    dependency: transitive
    description:
      name: file
      sha256: b69516f2c26a5bcac4eee2e32512e1a5205ab312b3536c1c1227b2b942b5f9ad
      url: "https://pub.dev"
    source: hosted
    version: "6.1.2"
  flutter:
    dependency: "direct main"
    description: flutter
    source: sdk
    version: "0.0.0"
  flutter_animate:
    dependency: transitive
    description:
      name: flutter_animate
      sha256: f611a67082d4c5ff9b8b7737ec7e675a22af70a94c8c3c22109f14b078d4d2bf
      url: "https://pub.dev"
    source: hosted
    version: "4.1.1+1"
  flutter_localizations:
    dependency: transitive
    description: flutter
    source: sdk
    version: "0.0.0"
  flutter_portal:
    dependency: transitive
    description:
      name: flutter_portal
      sha256: "4601b3dc24f385b3761721bd852a3f6c09cddd4e943dd184ed58ee1f43006257"
      url: "https://pub.dev"
    source: hosted
    version: "1.1.4"
  hive:
    dependency: transitive
    description:
      name: hive
      sha256: "00806ba9fd0e725804c7c524e79a0f979bf562e71ada0d69ba7299d0d34d1a37"
      url: "https://pub.dev"
    source: hosted
    version: "3.0.0-dev"
  hive_flutter:
    dependency: transitive
    description:
      name: hive_flutter
      sha256: a9f07cabf8fa205cde01cc782f56804987bbd164dc02b07fd9b30ed0426267da
      url: "https://pub.dev"
    source: hosted
    version: "2.0.0-dev"
  intl:
    dependency: transitive
    description:
      name: intl
      sha256: a3715e3bc90294e971cb7dc063fbf3cd9ee0ebf8604ffeafabd9e6f16abbdbe6
      url: "https://pub.dev"
    source: hosted
    version: "0.18.0"
  jolt:
    dependency: "direct main"
    description:
      path: "../packages/jolt"
      relative: true
    source: path
    version: "0.0.1"
  js:
    dependency: transitive
    description:
      name: js
      sha256: f2c445dce49627136094980615a031419f7f3eb393237e4ecd97ac15dea343f3
      url: "https://pub.dev"
    source: hosted
    version: "0.6.7"
  material_color_utilities:
    dependency: transitive
    description:
      name: material_color_utilities
      sha256: d92141dc6fe1dad30722f9aa826c7fbc896d021d792f80678280601aff8cf724
      url: "https://pub.dev"
    source: hosted
    version: "0.2.0"
  meta:
    dependency: transitive
    description:
      name: meta
      sha256: "3c74dbf8763d36539f114c799d8a2d87343b5067e9d796ca22b5eb8437090ee3"
      url: "https://pub.dev"
    source: hosted
    version: "1.9.1"
  path:
    dependency: transitive
    description:
      name: path
      sha256: "8829d8a55c13fc0e37127c29fedf290c102f4e40ae94ada574091fe0ff96c917"
      url: "https://pub.dev"
    source: hosted
    version: "1.8.3"
  path_provider:
    dependency: transitive
    description:
      name: path_provider
      sha256: "050e8e85e4b7fecdf2bb3682c1c64c4887a183720c802d323de8a5fd76d372dd"
      url: "https://pub.dev"
    source: hosted
    version: "2.0.11"
  path_provider_android:
    dependency: transitive
    description:
      name: path_provider_android
      sha256: "482308523e21a90eccb2146fefb2ae9ea392740c539e35d1cd34916d2ee5492b"
      url: "https://pub.dev"
    source: hosted
    version: "2.0.19"
  path_provider_ios:
    dependency: transitive
    description:
      name: path_provider_ios
      sha256: "03d639406f5343478352433f00d3c4394d52dac8df3d847869c5e2333e0bbce8"
      url: "https://pub.dev"
    source: hosted
    version: "2.0.11"
  path_provider_linux:
    dependency: transitive
    description:
      name: path_provider_linux
      sha256: ab0987bf95bc591da42dffb38c77398fc43309f0b9b894dcc5d6f40c4b26c379
      url: "https://pub.dev"
    source: hosted
    version: "2.1.7"
  path_provider_macos:
    dependency: transitive
    description:
      name: path_provider_macos
      sha256: "2a97e7fbb7ae9dcd0dfc1220a78e9ec3e71da691912e617e8715ff2a13086ae8"
      url: "https://pub.dev"
    source: hosted
    version: "2.0.6"
  path_provider_platform_interface:
    dependency: transitive
    description:
      name: path_provider_platform_interface
      sha256: "27dc7a224fcd07444cb5e0e60423ccacea3e13cf00fc5282ac2c918132da931d"
      url: "https://pub.dev"
    source: hosted
    version: "2.0.4"
  path_provider_windows:
    dependency: transitive
    description:
      name: path_provider_windows
      sha256: d3f80b32e83ec208ac95253e0cd4d298e104fbc63cb29c5c69edaed43b0c69d6
      url: "https://pub.dev"
    source: hosted
    version: "2.1.6"
  persistent_header_adaptive:
    dependency: transitive
    description:
      name: persistent_header_adaptive
      sha256: "85e447a2d985f87f54a0be2b6dfc510272e72e0c52f2fc9101f54535991abbdc"
      url: "https://pub.dev"
    source: hosted
    version: "2.0.0"
  phosphor_flutter:
    dependency: transitive
    description:
      path: "."
      ref: HEAD
      resolved-ref: f370dd2c25d3ea51ffb8f1c7c183bc9f33889c82
      url: "https://github.com/phosphor-icons/flutter.git"
    source: git
    version: "2.0.0"
  pigment:
    dependency: transitive
    description:
      name: pigment
      sha256: b8c56059e21ecb9379a304c78a4f20e399d41e54384a7f64de21103b4b5c38dd
      url: "https://pub.dev"
    source: hosted
    version: "1.0.4"
  platform:
    dependency: transitive
    description:
      name: platform
      sha256: "4a451831508d7d6ca779f7ac6e212b4023dd5a7d08a27a63da33756410e32b76"
      url: "https://pub.dev"
    source: hosted
    version: "3.1.0"
  plugin_platform_interface:
    dependency: transitive
    description:
      name: plugin_platform_interface
      sha256: "075f927ebbab4262ace8d0b283929ac5410c0ac4e7fc123c76429564facfb757"
      url: "https://pub.dev"
    source: hosted
    version: "2.1.2"
  process:
    dependency: transitive
    description:
      name: process
      sha256: "53fd8db9cec1d37b0574e12f07520d582019cb6c44abf5479a01505099a34a09"
      url: "https://pub.dev"
    source: hosted
    version: "4.2.4"
  sky_engine:
    dependency: transitive
    description: flutter
    source: sdk
    version: "0.0.99"
  sliver_tools:
    dependency: transitive
    description:
      name: sliver_tools
      sha256: ccdc502098a8bfa07b3ec582c282620031481300035584e1bb3aca296a505e8c
      url: "https://pub.dev"
    source: hosted
    version: "0.2.10"
  tinycolor2:
    dependency: transitive
    description:
      name: tinycolor2
      sha256: "81850c32ac8d4dcff37299bf3e52bcad4f4db6bc73d4b06727c9922de3766390"
      url: "https://pub.dev"
    source: hosted
    version: "3.0.1"
  typed_data:
    dependency: transitive
    description:
      name: typed_data
      sha256: "26f87ade979c47a150c9eaab93ccd2bebe70a27dc0b4b29517f2904f04eb11a5"
      url: "https://pub.dev"
    source: hosted
    version: "1.3.1"
  vector_math:
    dependency: transitive
    description:
      name: vector_math
      sha256: "80b3257d1492ce4d091729e3a67a60407d227c27241d6927be0130c98e741803"
      url: "https://pub.dev"
    source: hosted
    version: "2.1.4"
  win32:
    dependency: transitive
    description:
      name: win32
      sha256: a6f0236dbda0f63aa9a25ad1ff9a9d8a4eaaa5012da0dc59d21afdb1dc361ca4
      url: "https://pub.dev"
    source: hosted
    version: "3.1.4"
  xdg_directories:
    dependency: transitive
    description:
      name: xdg_directories
      sha256: "060b6e1c891d956f72b5ac9463466c37cce3fa962a921532fc001e86fe93438e"
      url: "https://pub.dev"
    source: hosted
    version: "0.2.0+1"
sdks:
  dart: ">=3.0.0 <4.0.0"
  flutter: ">=3.0.0"
