# Generated by pub
# See https://dart.dev/tools/pub/glossary#lockfile
packages:
  _macros:
    dependency: transitive
    description: dart
    source: sdk
    version: "0.3.2"
  args:
    dependency: transitive
    description:
      name: args
      sha256: "7cf60b9f0cc88203c5a190b4cd62a99feea42759a7fa695010eb5de1c0b2252a"
      url: "https://pub.dev"
    source: hosted
    version: "2.5.0"
  async:
    dependency: transitive
    description:
      name: async
      sha256: "947bfcf187f74dbc5e146c9eb9c0f10c9f8b30743e341481c1e2ed3ecc18c20c"
      url: "https://pub.dev"
    source: hosted
    version: "2.11.0"
  bitsdojo_window:
    dependency: "direct main"
    description:
      name: bitsdojo_window
      sha256: "88ef7765dafe52d97d7a3684960fb5d003e3151e662c18645c1641c22b873195"
      url: "https://pub.dev"
    source: hosted
    version: "0.1.6"
  bitsdojo_window_linux:
    dependency: transitive
    description:
      name: bitsdojo_window_linux
      sha256: "9519c0614f98be733e0b1b7cb15b827007886f6fe36a4fb62cf3d35b9dd578ab"
      url: "https://pub.dev"
    source: hosted
    version: "0.1.4"
  bitsdojo_window_macos:
    dependency: transitive
    description:
      name: bitsdojo_window_macos
      sha256: f7c5be82e74568c68c5b8449e2c5d8fd12ec195ecd70745a7b9c0f802bb0268f
      url: "https://pub.dev"
    source: hosted
    version: "0.1.4"
  bitsdojo_window_platform_interface:
    dependency: transitive
    description:
      name: bitsdojo_window_platform_interface
      sha256: "65daa015a0c6dba749bdd35a0f092e7a8ba8b0766aa0480eb3ef808086f6e27c"
      url: "https://pub.dev"
    source: hosted
    version: "0.1.2"
  bitsdojo_window_windows:
    dependency: transitive
    description:
      name: bitsdojo_window_windows
      sha256: fa982cf61ede53f483e50b257344a1c250af231a3cdc93a7064dd6dc0d720b68
      url: "https://pub.dev"
    source: hosted
    version: "0.1.6"
  boolean_selector:
    dependency: transitive
    description:
      name: boolean_selector
      sha256: "6cfb5af12253eaf2b368f07bacc5a80d1301a071c73360d746b7f2e32d762c66"
      url: "https://pub.dev"
    source: hosted
    version: "2.1.1"
  boxy:
    dependency: transitive
    description:
      name: boxy
      sha256: eaa774ff591191b86f2eb8e8eae878aec50604404b74388a27e655cf3aadf758
      url: "https://pub.dev"
    source: hosted
    version: "2.2.0"
  change_case:
    dependency: transitive
    description:
      name: change_case
      sha256: "99cfdf2018c627c8a3af5a23ea4c414eb69c75c31322d23b9660ebc3cf30b514"
      url: "https://pub.dev"
    source: hosted
    version: "2.1.0"
  characters:
    dependency: transitive
    description:
      name: characters
      sha256: "04a925763edad70e8443c99234dc3328f442e811f1d8fd1a72f1c8ad0f69a605"
      url: "https://pub.dev"
    source: hosted
    version: "1.3.0"
  clock:
    dependency: transitive
    description:
      name: clock
      sha256: cb6d7f03e1de671e34607e909a7213e31d7752be4fb66a86d29fe1eb14bfb5cf
      url: "https://pub.dev"
    source: hosted
    version: "1.1.1"
  collection:
    dependency: "direct main"
    description:
      name: collection
      sha256: ee67cb0715911d28db6bf4af1026078bd6f0128b07a5f66fb2ed94ec6783c09a
      url: "https://pub.dev"
    source: hosted
    version: "1.18.0"
  fake_async:
    dependency: transitive
    description:
      name: fake_async
      sha256: "511392330127add0b769b75a987850d136345d9227c6b94c96a04cf4a391bf78"
      url: "https://pub.dev"
    source: hosted
    version: "1.3.1"
  ffi:
    dependency: transitive
    description:
      name: ffi
      sha256: "16ed7b077ef01ad6170a3d0c57caa4a112a38d7a2ed5602e0aca9ca6f3d98da6"
      url: "https://pub.dev"
    source: hosted
    version: "2.1.3"
  flutter:
    dependency: "direct main"
    description: flutter
    source: sdk
    version: "0.0.0"
  flutter_animate:
    dependency: transitive
    description:
      name: flutter_animate
      sha256: "7c8a6594a9252dad30cc2ef16e33270b6248c4dedc3b3d06c86c4f3f4dc05ae5"
      url: "https://pub.dev"
    source: hosted
    version: "4.5.0"
  flutter_hooks:
    dependency: "direct main"
    description:
      name: flutter_hooks
      sha256: cde36b12f7188c85286fba9b38cc5a902e7279f36dd676967106c041dc9dde70
      url: "https://pub.dev"
    source: hosted
    version: "0.20.5"
  flutter_inappwebview:
    dependency: "direct main"
    description:
      name: flutter_inappwebview
      sha256: "93cfcca02bdda4b26cd700cf70d9ddba09d8348e3e8f2857638c23ed23a4fcb4"
      url: "https://pub.dev"
    source: hosted
    version: "6.1.4"
  flutter_inappwebview_android:
    dependency: transitive
    description:
      name: flutter_inappwebview_android
      sha256: "62557c15a5c2db5d195cb3892aab74fcaec266d7b86d59a6f0027abd672cddba"
      url: "https://pub.dev"
    source: hosted
    version: "1.1.3"
  flutter_inappwebview_internal_annotations:
    dependency: transitive
    description:
      name: flutter_inappwebview_internal_annotations
      sha256: "5f80fd30e208ddded7dbbcd0d569e7995f9f63d45ea3f548d8dd4c0b473fb4c8"
      url: "https://pub.dev"
    source: hosted
    version: "1.1.1"
  flutter_inappwebview_ios:
    dependency: transitive
    description:
      name: flutter_inappwebview_ios
      sha256: "5818cf9b26cf0cbb0f62ff50772217d41ea8d3d9cc00279c45f8aabaa1b4025d"
      url: "https://pub.dev"
    source: hosted
    version: "1.1.2"
  flutter_inappwebview_macos:
    dependency: transitive
    description:
      name: flutter_inappwebview_macos
      sha256: c1fbb86af1a3738e3541364d7d1866315ffb0468a1a77e34198c9be571287da1
      url: "https://pub.dev"
    source: hosted
    version: "1.1.2"
  flutter_inappwebview_platform_interface:
    dependency: transitive
    description:
      name: flutter_inappwebview_platform_interface
      sha256: "6862f4e08aa8f6136762e022c9c1edafb18c1dc3beb03052f2f3f2a48605a182"
      url: "https://pub.dev"
    source: hosted
    version: "1.3.0"
  flutter_inappwebview_web:
    dependency: transitive
    description:
      name: flutter_inappwebview_web
      sha256: "55f89c83b0a0d3b7893306b3bb545ba4770a4df018204917148ebb42dc14a598"
      url: "https://pub.dev"
    source: hosted
    version: "1.1.2"
  flutter_inappwebview_windows:
    dependency: transitive
    description:
      name: flutter_inappwebview_windows
      sha256: b9dd0f4e5f70f324d1311766b4ecb5070c7eb95966cd99b30283e0c93534a869
      url: "https://pub.dev"
    source: hosted
    version: "0.5.0"
  flutter_shaders:
    dependency: transitive
    description:
      name: flutter_shaders
      sha256: "34794acadd8275d971e02df03afee3dee0f98dbfb8c4837082ad0034f612a3e2"
      url: "https://pub.dev"
    source: hosted
    version: "0.1.3"
  flutter_test:
    dependency: "direct dev"
    description: flutter
    source: sdk
    version: "0.0.0"
  flutter_web_plugins:
    dependency: "direct main"
    description: flutter
    source: sdk
    version: "0.0.0"
  gap:
    dependency: transitive
    description:
      name: gap
      sha256: f19387d4e32f849394758b91377f9153a1b41d79513ef7668c088c77dbc6955d
      url: "https://pub.dev"
    source: hosted
    version: "3.0.1"
  go_router:
    dependency: "direct main"
    description:
      name: go_router
      sha256: "5cf5fdcf853b0629deb35891c7af643be900c3dcaed7489009f9e7dbcfe55ab6"
      url: "https://pub.dev"
    source: hosted
    version: "14.2.8"
  jni:
    dependency: transitive
    description:
      name: jni
      sha256: caefbbf9ed3b54b87bd3d479438e3837e7f8512015d04046a60b13c0b90d126f
      url: "https://pub.dev"
    source: hosted
    version: "0.11.0"
  jolt:
    dependency: "direct overridden"
    description:
      path: "../../packages/jolt"
      relative: true
    source: path
    version: "0.0.1"
  leak_tracker:
    dependency: transitive
    description:
      name: leak_tracker
      sha256: "3f87a60e8c63aecc975dda1ceedbc8f24de75f09e4856ea27daf8958f2f0ce05"
      url: "https://pub.dev"
    source: hosted
    version: "10.0.5"
  leak_tracker_flutter_testing:
    dependency: transitive
    description:
      name: leak_tracker_flutter_testing
      sha256: "932549fb305594d82d7183ecd9fa93463e9914e1b67cacc34bc40906594a1806"
      url: "https://pub.dev"
    source: hosted
    version: "3.0.5"
  leak_tracker_testing:
    dependency: transitive
    description:
      name: leak_tracker_testing
      sha256: "6ba465d5d76e67ddf503e1161d1f4a6bc42306f9d66ca1e8f079a47290fb06d3"
      url: "https://pub.dev"
    source: hosted
    version: "3.0.1"
  logging:
    dependency: transitive
    description:
      name: logging
      sha256: "623a88c9594aa774443aa3eb2d41807a48486b5613e67599fb4c41c0ad47c340"
      url: "https://pub.dev"
    source: hosted
    version: "1.2.0"
  macros:
    dependency: "direct main"
    description:
      name: macros
      sha256: "0acaed5d6b7eab89f63350bccd82119e6c602df0f391260d0e32b5e23db79536"
      url: "https://pub.dev"
    source: hosted
    version: "0.1.2-main.4"
  matcher:
    dependency: transitive
    description:
      name: matcher
      sha256: d2323aa2060500f906aa31a895b4030b6da3ebdcc5619d14ce1aada65cd161cb
      url: "https://pub.dev"
    source: hosted
    version: "0.12.16+1"
  material_color_utilities:
    dependency: transitive
    description:
      name: material_color_utilities
      sha256: f7142bb1154231d7ea5f96bc7bde4bda2a0945d2806bb11670e30b850d56bdec
      url: "https://pub.dev"
    source: hosted
    version: "0.11.1"
  meta:
    dependency: transitive
    description:
      name: meta
      sha256: bdb68674043280c3428e9ec998512fb681678676b3c54e773629ffe74419f8c7
      url: "https://pub.dev"
    source: hosted
    version: "1.15.0"
  native_storage:
    dependency: transitive
    description:
      name: native_storage
      sha256: "28ba067a74c6e1b610737e06f86d397e7271b2a0e045dfb71ee25eebdec05832"
      url: "https://pub.dev"
    source: hosted
    version: "0.2.2"
  package_config:
    dependency: transitive
    description:
      name: package_config
      sha256: "1c5b77ccc91e4823a5af61ee74e6b972db1ef98c2ff5a18d3161c982a55448bd"
      url: "https://pub.dev"
    source: hosted
    version: "2.1.0"
  path:
    dependency: transitive
    description:
      name: path
      sha256: "087ce49c3f0dc39180befefc60fdb4acd8f8620e5682fe2476afd0b3688bb4af"
      url: "https://pub.dev"
    source: hosted
    version: "1.9.0"
  phosphor_flutter:
    dependency: transitive
    description:
      name: phosphor_flutter
      sha256: "8a14f238f28a0b54842c5a4dc20676598dd4811fcba284ed828bd5a262c11fde"
      url: "https://pub.dev"
    source: hosted
    version: "2.1.0"
  pigment:
    dependency: transitive
    description:
      name: pigment
      sha256: b8c56059e21ecb9379a304c78a4f20e399d41e54384a7f64de21103b4b5c38dd
      url: "https://pub.dev"
    source: hosted
    version: "1.0.4"
  plugin_platform_interface:
    dependency: transitive
    description:
      name: plugin_platform_interface
      sha256: "4820fbfdb9478b1ebae27888254d445073732dae3d6ea81f0b7e06d5dedc3f02"
      url: "https://pub.dev"
    source: hosted
    version: "2.1.8"
  sky_engine:
    dependency: transitive
    description: flutter
    source: sdk
    version: "0.0.99"
  sliver_tools:
    dependency: transitive
    description:
      name: sliver_tools
      sha256: eae28220badfb9d0559207badcbbc9ad5331aac829a88cb0964d330d2a4636a6
      url: "https://pub.dev"
    source: hosted
    version: "0.2.12"
  source_span:
    dependency: transitive
    description:
      name: source_span
      sha256: "53e943d4206a5e30df338fd4c6e7a077e02254531b138a15aec3bd143c1a8b3c"
      url: "https://pub.dev"
    source: hosted
    version: "1.10.0"
  stack_trace:
    dependency: transitive
    description:
      name: stack_trace
      sha256: "73713990125a6d93122541237550ee3352a2d84baad52d375a4cad2eb9b7ce0b"
      url: "https://pub.dev"
    source: hosted
    version: "1.11.1"
  stream_channel:
    dependency: transitive
    description:
      name: stream_channel
      sha256: ba2aa5d8cc609d96bbb2899c28934f9e1af5cddbd60a827822ea467161eb54e7
      url: "https://pub.dev"
    source: hosted
    version: "2.1.2"
  string_scanner:
    dependency: transitive
    description:
      name: string_scanner
      sha256: "556692adab6cfa87322a115640c11f13cb77b3f076ddcc5d6ae3c20242bedcde"
      url: "https://pub.dev"
    source: hosted
    version: "1.2.0"
  term_glyph:
    dependency: transitive
    description:
      name: term_glyph
      sha256: a29248a84fbb7c79282b40b8c72a1209db169a2e0542bce341da992fe1bc7e84
      url: "https://pub.dev"
    source: hosted
    version: "1.2.1"
  test_api:
    dependency: transitive
    description:
      name: test_api
      sha256: "5b8a98dafc4d5c4c9c72d8b31ab2b23fc13422348d2997120294d3bac86b4ddb"
      url: "https://pub.dev"
    source: hosted
    version: "0.7.2"
  tinycolor2:
    dependency: transitive
    description:
      name: tinycolor2
      sha256: "81850c32ac8d4dcff37299bf3e52bcad4f4db6bc73d4b06727c9922de3766390"
      url: "https://pub.dev"
    source: hosted
    version: "3.0.1"
  ui:
    dependency: "direct main"
    description:
      path: ui
      relative: true
    source: path
    version: "0.0.1"
  vector_math:
    dependency: transitive
    description:
      name: vector_math
      sha256: "80b3257d1492ce4d091729e3a67a60407d227c27241d6927be0130c98e741803"
      url: "https://pub.dev"
    source: hosted
    version: "2.1.4"
  very_good_analysis:
    dependency: "direct dev"
    description:
      name: very_good_analysis
      sha256: "9ae7f3a3bd5764fb021b335ca28a34f040cd0ab6eec00a1b213b445dae58a4b8"
      url: "https://pub.dev"
    source: hosted
    version: "5.1.0"
  visibility_detector:
    dependency: transitive
    description:
      name: visibility_detector
      sha256: dd5cc11e13494f432d15939c3aa8ae76844c42b723398643ce9addb88a5ed420
      url: "https://pub.dev"
    source: hosted
    version: "0.4.0+2"
  vm_service:
    dependency: transitive
    description:
      name: vm_service
      sha256: "5c5f338a667b4c644744b661f309fb8080bb94b18a7e91ef1dbd343bed00ed6d"
      url: "https://pub.dev"
    source: hosted
    version: "14.2.5"
  web:
    dependency: transitive
    description:
      name: web
      sha256: cd3543bd5798f6ad290ea73d210f423502e71900302dde696f8bff84bf89a1cb
      url: "https://pub.dev"
    source: hosted
    version: "1.1.0"
  win32:
    dependency: transitive
    description:
      name: win32
      sha256: "4d45dc9069dba4619dc0ebd93c7cec5e66d8482cb625a370ac806dcc8165f2ec"
      url: "https://pub.dev"
    source: hosted
    version: "5.5.5"
  win32_registry:
    dependency: transitive
    description:
      name: win32_registry
      sha256: "21ec76dfc731550fd3e2ce7a33a9ea90b828fdf19a5c3bcf556fa992cfa99852"
      url: "https://pub.dev"
    source: hosted
    version: "1.1.5"
  windows_applicationmodel:
    dependency: transitive
    description:
      name: windows_applicationmodel
      sha256: fce866308c8395efca0ea646cc8ee3ff5a59470f82458e420cf170129876cc85
      url: "https://pub.dev"
    source: hosted
    version: "0.2.0"
  windows_data:
    dependency: transitive
    description:
      name: windows_data
      sha256: "7da30e632a9bb8db10c7c4bae11e8cae66cf9b89efb5f1a7ff19b8906f3fdf08"
      url: "https://pub.dev"
    source: hosted
    version: "0.2.0"
  windows_devices:
    dependency: transitive
    description:
      name: windows_devices
      sha256: "503d78b9f721d42b35c1d280c3ec839d1006d29b7b5cabd38ed100458d9f0358"
      url: "https://pub.dev"
    source: hosted
    version: "0.2.0"
  windows_foundation:
    dependency: transitive
    description:
      name: windows_foundation
      sha256: "3ed6e5346e9d54eff9781b1b371a47ca323d0978f4b26e8916e8bc494cae187f"
      url: "https://pub.dev"
    source: hosted
    version: "0.2.0"
  windows_globalization:
    dependency: transitive
    description:
      name: windows_globalization
      sha256: "162e7f05a866f2d99ae797afa9c68dff570ba8562d13c5c0a7cc14089b3c8d18"
      url: "https://pub.dev"
    source: hosted
    version: "0.1.0+1"
  windows_graphics:
    dependency: transitive
    description:
      name: windows_graphics
      sha256: a6646c32ff79105264dcc9cf47ead211ba176386f857b63394e6d29f0c5ff9eb
      url: "https://pub.dev"
    source: hosted
    version: "0.2.0"
  windows_media:
    dependency: transitive
    description:
      name: windows_media
      sha256: "6b55c1a7ed48f1e38eb1dc4829eca7ee9fdbe6d2a4744d887d99ba13bde78c7d"
      url: "https://pub.dev"
    source: hosted
    version: "0.2.0"
  windows_networking:
    dependency: transitive
    description:
      name: windows_networking
      sha256: "04f9e1f004f85af3d400c24bd226efb0c4513f7f843ba07998528f0bdee62e7a"
      url: "https://pub.dev"
    source: hosted
    version: "0.2.0"
  windows_perception:
    dependency: transitive
    description:
      name: windows_perception
      sha256: aa9fb6c8c97be855aece8f28943284c2680afa65a012144e012173081e568728
      url: "https://pub.dev"
    source: hosted
    version: "0.1.0"
  windows_security:
    dependency: transitive
    description:
      name: windows_security
      sha256: c1f2bbe4c2b2fdf07cb50afff652413bb8f908d27328c547db03e7591c1331e2
      url: "https://pub.dev"
    source: hosted
    version: "0.1.0+1"
  windows_services:
    dependency: transitive
    description:
      name: windows_services
      sha256: dad37ce3c795867e650b66a347b412e066e625a734ac2444ff163f4e5b8a040b
      url: "https://pub.dev"
    source: hosted
    version: "0.1.0"
  windows_storage:
    dependency: transitive
    description:
      name: windows_storage
      sha256: ba370214ad4dca9ffda684f40231a5da68f296d8d8dde1b7c0b8011dd150b64e
      url: "https://pub.dev"
    source: hosted
    version: "0.2.0"
  windows_system:
    dependency: transitive
    description:
      name: windows_system
      sha256: "8d5c2524bef8c71923b16cd9610fe194c77540687fae661e4fbbb7c78340fabe"
      url: "https://pub.dev"
    source: hosted
    version: "0.1.0+1"
  windows_ui:
    dependency: transitive
    description:
      name: windows_ui
      sha256: "8fdff2a7bc05070ea3021b320d64fa27559095708bc8912cd3ee9eb509ed9b95"
      url: "https://pub.dev"
    source: hosted
    version: "0.2.0"
  xdg_directories:
    dependency: transitive
    description:
      name: xdg_directories
      sha256: faea9dee56b520b55a566385b84f2e8de55e7496104adada9962e0bd11bcff1d
      url: "https://pub.dev"
    source: hosted
    version: "1.0.4"
sdks:
  dart: ">=3.5.0 <4.0.0"
  flutter: ">=3.24.0"
